{
  "name": "agents-nix-pi-extension-pi-observational-memory",
  "lockfileVersion": 3,
  "requires": true,
  "packages": {
    "": {
      "name": "agents-nix-pi-extension-pi-observational-memory",
      "dependencies": {
        "pi-observational-memory": "3.1.4"
      }
    },
    "node_modules/pi-observational-memory": {
      "version": "3.1.4",
      "resolved": "https://registry.npmjs.org/pi-observational-memory/-/pi-observational-memory-3.1.4.tgz",
      "integrity": "sha512-jgQbFyLMs4wWhkf6F0voOgzMwtIXsb8+ks0MsPKpPxkdpyMX5E/el6Mk/vJ40m8GlKwBIsCKjL1r7Z2U8dCtmA==",
      "license": "MIT",
      "peerDependencies": {
        "@earendil-works/pi-agent-core": "*",
        "@earendil-works/pi-ai": "*",
        "@earendil-works/pi-coding-agent": "*",
        "@earendil-works/pi-tui": "*"
      }
    }
  }
}
