{
  "name": "agents-nix-pi-extension-pi-ask-user",
  "lockfileVersion": 3,
  "requires": true,
  "packages": {
    "": {
      "name": "agents-nix-pi-extension-pi-ask-user",
      "dependencies": {
        "pi-ask-user": "0.15.0"
      }
    },
    "node_modules/pi-ask-user": {
      "version": "0.15.0",
      "resolved": "https://registry.npmjs.org/pi-ask-user/-/pi-ask-user-0.15.0.tgz",
      "integrity": "sha512-wmgcHUSGptAS+u+9AT4Fbjxo+iclOXERDym9m/VeX7pDcVs5vwloSKP+BcQ96beuxMEVEhFVydPkXzoYmIvpVQ==",
      "license": "MIT",
      "peerDependencies": {
        "@earendil-works/pi-coding-agent": ">=0.74.0",
        "@earendil-works/pi-tui": ">=0.74.0",
        "@sinclair/typebox": "*"
      }
    }
  }
}
