{
  "name": "agents-nix-pi-extension-voice-stt",
  "lockfileVersion": 3,
  "requires": true,
  "packages": {
    "": {
      "name": "agents-nix-pi-extension-voice-stt",
      "dependencies": {
        "pi-voice-stt": "0.6.0"
      }
    },
    "node_modules/pi-voice-stt": {
      "version": "0.6.0",
      "resolved": "https://registry.npmjs.org/pi-voice-stt/-/pi-voice-stt-0.6.0.tgz",
      "integrity": "sha512-BdPdSA4ppixbDVLr4W26qvi57+G9J5vqv2ns7jHbDH8lV11pvfwc8LrIcgEXV4T7uksfKcfewUD+gVT8PtQZwQ==",
      "license": "MIT",
      "engines": {
        "node": ">=20"
      },
      "peerDependencies": {
        "@earendil-works/pi-coding-agent": "*",
        "@earendil-works/pi-tui": "*"
      }
    }
  }
}
